{
    "_readme": [
        "This file locks the dependencies of your project to a known state",
        "Read more about it at http://getcomposer.org/doc/01-basic-usage.md#composer-lock-the-lock-file",
        "This file is @generated automatically"
    ],
    "hash": "771799b2162d06c7ffe39de7880644cc",
    "packages": [
        {
            "name": "Bootstrap",
            "version": "1.0.1",
            "source": {
                "type": "hg",
                "url": "https://hg.int.jumei.com/Arch_Groups/Common/PHP/Bootstrap",
                "reference": "f3f6f6c39f65"
            },
            "dist": {
                "type": "zip",
                "url": "https://packagist.int.jumei.com/jmzip/Bootstrap/Bootstrap-f3f6f6c39f65.zip",
                "reference": "f3f6f6c39f65",
                "shasum": ""
            },
            "type": "library",
            "notification-url": "https://packagist.int.jumei.com/downloads/%package%",
            "authors": [
                {
                    "name": "Chaos Su",
                    "email": "chaos@jumei.com",
                    "homepage": "http://wiki.int.jumei.com",
                    "role": "STM"
                }
            ],
            "description": "PHP项目启动初始化过程相关脚本",
            "time": "2014-12-18 14:52:54"
        },
        {
            "name": "Db",
            "version": "1.2.1",
            "source": {
                "type": "hg",
                "url": "https://hg.int.jumei.com/Arch_Groups/DDAL/PHP/Db",
                "reference": "d3c6edeaec35"
            },
            "dist": {
                "type": "zip",
                "url": "https://packagist.int.jumei.com/jmzip/Db/Db-d3c6edeaec35.zip",
                "reference": "d3c6edeaec35",
                "shasum": ""
            },
            "require": {
                "log": ">=0.1.0",
                "mnlogger": ">=0.2.0"
            },
            "type": "library",
            "notification-url": "https://packagist.int.jumei.com/downloads/%package%",
            "authors": [
                {
                    "name": "Chaos Su",
                    "email": "chaos@jumei.com",
                    "homepage": "http://wiki.int.jumei.com",
                    "role": "STM"
                }
            ],
            "description": "数据库访问层",
            "time": "2015-02-05 18:48:53"
        },
        {
            "name": "Log",
            "version": "0.1.0",
            "source": {
                "type": "hg",
                "url": "https://hg.int.jumei.com/Arch_Groups/Common/PHP/Log",
                "reference": "f87ab32aac5e"
            },
            "dist": {
                "type": "zip",
                "url": "https://packagist.int.jumei.com/jmzip/Log/Log-f87ab32aac5e.zip",
                "reference": "f87ab32aac5e",
                "shasum": ""
            },
            "type": "library",
            "notification-url": "https://packagist.int.jumei.com/downloads/%package%",
            "authors": [
                {
                    "name": "Chaos Su",
                    "email": "chaos@jumei.com",
                    "homepage": "http://wiki.int.jumei.com",
                    "role": "STM"
                }
            ],
            "description": "日志记录组件",
            "time": "2014-08-20 12:03:23"
        },
        {
            "name": "MNLogger",
            "version": "0.4.0",
            "source": {
                "type": "hg",
                "url": "https://hg.int.jumei.com/Arch_Groups/MN/jumei-monitor-logger",
                "reference": "09c5acf9206c"
            },
            "dist": {
                "type": "zip",
                "url": "https://packagist.int.jumei.com/jmzip/MNLogger/MNLogger-09c5acf9206c.zip",
                "reference": "09c5acf9206c",
                "shasum": ""
            },
            "require": {
                "php": ">=5.3.0"
            },
            "type": "library",
            "notification-url": "https://packagist.int.jumei.com/downloads/%package%",
            "description": "监控系统客户端",
            "time": "2014-08-20 12:11:42"
        },
        {
            "name": "PHPClient",
            "version": "1.2.6",
            "source": {
                "type": "hg",
                "url": "https://hg.int.jumei.com/Arch_Groups/RPC-PHP/PHPClient",
                "reference": "2c7cc8d4e894"
            },
            "dist": {
                "type": "zip",
                "url": "https://packagist.int.jumei.com/jmzip/PHPClient/PHPClient-2c7cc8d4e894.zip",
                "reference": "2c7cc8d4e894",
                "shasum": ""
            },
            "require": {
                "mnlogger": "0.4.0"
            },
            "require-dev": {
                "bootstrap": ">=1.0.0"
            },
            "type": "library",
            "notification-url": "https://packagist.int.jumei.com/downloads/%package%",
            "description": "Jumei PHP Rpc 客户端 ",
            "time": "2015-03-31 13:04:28"
        },
        {
            "name": "Redis",
            "version": "0.2.0",
            "source": {
                "type": "hg",
                "url": "https://hg.int.jumei.com/Arch_Groups/DDAL/PHP/Redis",
                "reference": "7f66daceba0c"
            },
            "dist": {
                "type": "zip",
                "url": "https://packagist.int.jumei.com/jmzip/Redis/Redis-7f66daceba0c.zip",
                "reference": "7f66daceba0c",
                "shasum": ""
            },
            "require": {
                "mnlogger": ">=0.4.0",
                "php": ">=5.3.0"
            },
            "type": "library",
            "notification-url": "https://packagist.int.jumei.com/downloads/%package%",
            "authors": [
                {
                    "name": "郭新华",
                    "email": "xinhuag@jumei.com",
                    "role": "STM"
                }
            ],
            "description": "Redis访问组件",
            "time": "2014-08-20 12:09:52"
        },
        {
            "name": "Thrift",
            "version": "1.1.7",
            "source": {
                "type": "hg",
                "url": "https://hg.int.jumei.com/Arch_Groups/RPC-PHP/Thrift",
                "reference": "77f390e8e627"
            },
            "dist": {
                "type": "zip",
                "url": "https://packagist.int.jumei.com/jmzip/Thrift/Thrift-77f390e8e627.zip",
                "reference": "77f390e8e627",
                "shasum": ""
            },
            "require": {
                "mnlogger": "0.4.0"
            },
            "type": "library",
            "notification-url": "https://packagist.int.jumei.com/downloads/%package%",
            "description": "Jumei Thrift协议的客户端 ",
            "time": "2015-02-10 16:34:20"
        }
    ],
    "packages-dev": [],
    "aliases": [],
    "minimum-stability": "stable",
    "stability-flags": [],
    "prefer-stable": false,
    "prefer-lowest": false,
    "platform": [],
    "platform-dev": []
}
